
Microsoft Visual Studio Solution File, Format Version 12.00
# Visual Studio Version 16
VisualStudioVersion = 16.0.29519.181
MinimumVisualStudioVersion = 10.0.40219.1
Project("{FAE04EC0-301F-11D3-BF4B-00C04F79EFBC}") = "PurchaSaler.Web", "PurchaSaler.Web\PurchaSaler.Web.csproj", "{7635F021-3EB4-4D9C-A4BC-5A02BC175D58}"
EndProject
Project("{FAE04EC0-301F-11D3-BF4B-00C04F79EFBC}") = "PurchaSaler.Models", "PurchaSaler.Models\PurchaSaler.Models.csproj", "{2F8861B7-AA5F-4C8B-83C5-851CC692341D}"
EndProject
Global
	GlobalSection(SolutionConfigurationPlatforms) = preSolution
		Debug|Any CPU = Debug|Any CPU
		Release|Any CPU = Release|Any CPU
	EndGlobalSection
	GlobalSection(ProjectConfigurationPlatforms) = postSolution
		{7635F021-3EB4-4D9C-A4BC-5A02BC175D58}.Debug|Any CPU.ActiveCfg = Debug|Any CPU
		{7635F021-3EB4-4D9C-A4BC-5A02BC175D58}.Debug|Any CPU.Build.0 = Debug|Any CPU
		{7635F021-3EB4-4D9C-A4BC-5A02BC175D58}.Release|Any CPU.ActiveCfg = Release|Any CPU
		{7635F021-3EB4-4D9C-A4BC-5A02BC175D58}.Release|Any CPU.Build.0 = Release|Any CPU
		{2F8861B7-AA5F-4C8B-83C5-851CC692341D}.Debug|Any CPU.ActiveCfg = Debug|Any CPU
		{2F8861B7-AA5F-4C8B-83C5-851CC692341D}.Debug|Any CPU.Build.0 = Debug|Any CPU
		{2F8861B7-AA5F-4C8B-83C5-851CC692341D}.Release|Any CPU.ActiveCfg = Release|Any CPU
		{2F8861B7-AA5F-4C8B-83C5-851CC692341D}.Release|Any CPU.Build.0 = Release|Any CPU
	EndGlobalSection
	GlobalSection(SolutionProperties) = preSolution
		HideSolutionNode = FALSE
	EndGlobalSection
	GlobalSection(ExtensibilityGlobals) = postSolution
		SolutionGuid = {5625B9B7-F9D1-43AD-9370-5C16A8BFC290}
	EndGlobalSection
EndGlobal
